
Microsoft Visual Studio Solution File, Format Version 12.00
# Visual Studio 15
VisualStudioVersion = 15.0.27130.2020
MinimumVisualStudioVersion = 10.0.40219.1
Project("{FAE04EC0-301F-11D3-BF4B-00C04F79EFBC}") = "SmartsheetLite", "SmartsheetLite\SmartsheetLite.csproj", "{48F30153-2689-406A-8E69-2F10263B8828}"
EndProject
Project("{FAE04EC0-301F-11D3-BF4B-00C04F79EFBC}") = "UnitTests", "UnitTests\UnitTests.csproj", "{C590B27A-EEE6-4EE6-974A-AB5AA16305ED}"
EndProject
Global
	GlobalSection(SolutionConfigurationPlatforms) = preSolution
		Debug|Any CPU = Debug|Any CPU
		Release|Any CPU = Release|Any CPU
	EndGlobalSection
	GlobalSection(ProjectConfigurationPlatforms) = postSolution
		{48F30153-2689-406A-8E69-2F10263B8828}.Debug|Any CPU.ActiveCfg = Debug|Any CPU
		{48F30153-2689-406A-8E69-2F10263B8828}.Debug|Any CPU.Build.0 = Debug|Any CPU
		{48F30153-2689-406A-8E69-2F10263B8828}.Release|Any CPU.ActiveCfg = Release|Any CPU
		{48F30153-2689-406A-8E69-2F10263B8828}.Release|Any CPU.Build.0 = Release|Any CPU
		{C590B27A-EEE6-4EE6-974A-AB5AA16305ED}.Debug|Any CPU.ActiveCfg = Debug|Any CPU
		{C590B27A-EEE6-4EE6-974A-AB5AA16305ED}.Debug|Any CPU.Build.0 = Debug|Any CPU
		{C590B27A-EEE6-4EE6-974A-AB5AA16305ED}.Release|Any CPU.ActiveCfg = Release|Any CPU
		{C590B27A-EEE6-4EE6-974A-AB5AA16305ED}.Release|Any CPU.Build.0 = Release|Any CPU
	EndGlobalSection
	GlobalSection(SolutionProperties) = preSolution
		HideSolutionNode = FALSE
	EndGlobalSection
	GlobalSection(ExtensibilityGlobals) = postSolution
		SolutionGuid = {2B1C7AA9-59E5-4F94-BEE1-ED2D61F78729}
	EndGlobalSection
EndGlobal
